
Microsoft Visual Studio Solution File, Format Version 12.00
# Visual Studio Version 16
VisualStudioVersion = 16.0.31613.86
MinimumVisualStudioVersion = 10.0.40219.1
Project("{8BC9CEB8-8B4A-11D0-8D11-00A0C91BC942}") = "NEAT Survival", "NEAT Survival\NEAT Survival.vcxproj", "{A43F30D7-8166-4737-A7FC-ED2D8A2F2D9B}"
EndProject
Global
	GlobalSection(SolutionConfigurationPlatforms) = preSolution
		Debug|x64 = Debug|x64
		Debug|x86 = Debug|x86
		Release|x64 = Release|x64
		Release|x86 = Release|x86
	EndGlobalSection
	GlobalSection(ProjectConfigurationPlatforms) = postSolution
		{A43F30D7-8166-4737-A7FC-ED2D8A2F2D9B}.Debug|x64.ActiveCfg = Debug|x64
		{A43F30D7-8166-4737-A7FC-ED2D8A2F2D9B}.Debug|x64.Build.0 = Debug|x64
		{A43F30D7-8166-4737-A7FC-ED2D8A2F2D9B}.Debug|x86.ActiveCfg = Debug|Win32
		{A43F30D7-8166-4737-A7FC-ED2D8A2F2D9B}.Debug|x86.Build.0 = Debug|Win32
		{A43F30D7-8166-4737-A7FC-ED2D8A2F2D9B}.Release|x64.ActiveCfg = Release|x64
		{A43F30D7-8166-4737-A7FC-ED2D8A2F2D9B}.Release|x64.Build.0 = Release|x64
		{A43F30D7-8166-4737-A7FC-ED2D8A2F2D9B}.Release|x86.ActiveCfg = Release|Win32
		{A43F30D7-8166-4737-A7FC-ED2D8A2F2D9B}.Release|x86.Build.0 = Release|Win32
	EndGlobalSection
	GlobalSection(SolutionProperties) = preSolution
		HideSolutionNode = FALSE
	EndGlobalSection
	GlobalSection(ExtensibilityGlobals) = postSolution
		SolutionGuid = {E1DB637D-F535-4814-A103-3B9D7EF05FA6}
	EndGlobalSection
EndGlobal
